// !$*UTF8*$!
{
	archiveVersion = 1;
	classes = {
	};
	objectVersion = 77;
	objects = {

/* Begin PBXBuildFile section */
		8F677AF42F83DB6B00BA1736 /* codemagic.yaml in Resources */ = {isa = PBXBuildFile; fileRef = 8F677AF22F83DB6700BA1736 /* codemagic.yaml */; };
		8F677D482F868B3200BA1736 /* AppsFlyerLib in Frameworks */ = {isa = PBXBuildFile; productRef = 8F677D472F868B3200BA1736 /* AppsFlyerLib */; };
		8F677D4B2F868C0800BA1736 /* FirebaseMessaging in Frameworks */ = {isa = PBXBuildFile; productRef = 8F677D4A2F868C0800BA1736 /* FirebaseMessaging */; };
		8F677D4E2F868C1900BA1736 /* PostgREST in Frameworks */ = {isa = PBXBuildFile; productRef = 8F677D4D2F868C1900BA1736 /* PostgREST */; };
		8F677D502F868C1900BA1736 /* Supabase in Frameworks */ = {isa = PBXBuildFile; productRef = 8F677D4F2F868C1900BA1736 /* Supabase */; };
		8F677D5C2F868C7500BA1736 /* NotifInspectExtension.appex in Embed Foundation Extensions */ = {isa = PBXBuildFile; fileRef = 8F677D552F868C7500BA1736 /* NotifInspectExtension.appex */; settings = {ATTRIBUTES = (RemoveHeadersOnCopy, ); }; };
		8F677D642F868C8200BA1736 /* FirebaseMessaging in Frameworks */ = {isa = PBXBuildFile; productRef = 8F677D632F868C8200BA1736 /* FirebaseMessaging */; };
/* End PBXBuildFile section */

/* Begin PBXContainerItemProxy section */
		8F677D5A2F868C7500BA1736 /* PBXContainerItemProxy */ = {
			isa = PBXContainerItemProxy;
			containerPortal = 8F6778EF2F7EC26700BA1736 /* Project object */;
			proxyType = 1;
			remoteGlobalIDString = 8F677D542F868C7500BA1736;
			remoteInfo = NotifInspectExtension;
		};
/* End PBXContainerItemProxy section */

/* Begin PBXCopyFilesBuildPhase section */
		8F677D612F868C7500BA1736 /* Embed Foundation Extensions */ = {
			isa = PBXCopyFilesBuildPhase;
			buildActionMask = 2147483647;
			dstPath = "";
			dstSubfolderSpec = 13;
			files = (
				8F677D5C2F868C7500BA1736 /* NotifInspectExtension.appex in Embed Foundation Extensions */,
			);
			name = "Embed Foundation Extensions";
			runOnlyForDeploymentPostprocessing = 0;
		};
/* End PBXCopyFilesBuildPhase section */

/* Begin PBXFileReference section */
		8F6778F72F7EC26700BA1736 /* BuildInspect.app */ = {isa = PBXFileReference; explicitFileType = wrapper.application; includeInIndex = 0; path = BuildInspect.app; sourceTree = BUILT_PRODUCTS_DIR; };
		8F677AF22F83DB6700BA1736 /* codemagic.yaml */ = {isa = PBXFileReference; lastKnownFileType = text.yaml; path = codemagic.yaml; sourceTree = "<group>"; };
		8F677D552F868C7500BA1736 /* NotifInspectExtension.appex */ = {isa = PBXFileReference; explicitFileType = "wrapper.app-extension"; includeInIndex = 0; path = NotifInspectExtension.appex; sourceTree = BUILT_PRODUCTS_DIR; };
/* End PBXFileReference section */

/* Begin PBXFileSystemSynchronizedBuildFileExceptionSet section */
		8F677AF62F83DB9100BA1736 /* Exceptions for "BuildInspect" folder in "BuildInspect" target */ = {
			isa = PBXFileSystemSynchronizedBuildFileExceptionSet;
			membershipExceptions = (
				Info.plist,
			);
			target = 8F6778F62F7EC26700BA1736 /* BuildInspect */;
		};
		8F677D602F868C7500BA1736 /* Exceptions for "NotifInspectExtension" folder in "NotifInspectExtension" target */ = {
			isa = PBXFileSystemSynchronizedBuildFileExceptionSet;
			membershipExceptions = (
				Info.plist,
			);
			target = 8F677D542F868C7500BA1736 /* NotifInspectExtension */;
		};
/* End PBXFileSystemSynchronizedBuildFileExceptionSet section */

/* Begin PBXFileSystemSynchronizedRootGroup section */
		8F6778F92F7EC26700BA1736 /* BuildInspect */ = {
			isa = PBXFileSystemSynchronizedRootGroup;
			exceptions = (
				8F677AF62F83DB9100BA1736 /* Exceptions for "BuildInspect" folder in "BuildInspect" target */,
			);
			path = BuildInspect;
			sourceTree = "<group>";
		};
		8F677D562F868C7500BA1736 /* NotifInspectExtension */ = {
			isa = PBXFileSystemSynchronizedRootGroup;
			exceptions = (
				8F677D602F868C7500BA1736 /* Exceptions for "NotifInspectExtension" folder in "NotifInspectExtension" target */,
			);
			path = NotifInspectExtension;
			sourceTree = "<group>";
		};
/* End PBXFileSystemSynchronizedRootGroup section */

/* Begin PBXFrameworksBuildPhase section */
		8F6778F42F7EC26700BA1736 /* Frameworks */ = {
			isa = PBXFrameworksBuildPhase;
			buildActionMask = 2147483647;
			files = (
				8F677D502F868C1900BA1736 /* Supabase in Frameworks */,
				8F677D4E2F868C1900BA1736 /* PostgREST in Frameworks */,
				8F677D4B2F868C0800BA1736 /* FirebaseMessaging in Frameworks */,
				8F677D482F868B3200BA1736 /* AppsFlyerLib in Frameworks */,
			);
			runOnlyForDeploymentPostprocessing = 0;
		};
		8F677D522F868C7500BA1736 /* Frameworks */ = {
			isa = PBXFrameworksBuildPhase;
			buildActionMask = 2147483647;
			files = (
				8F677D642F868C8200BA1736 /* FirebaseMessaging in Frameworks */,
			);
			runOnlyForDeploymentPostprocessing = 0;
		};
/* End PBXFrameworksBuildPhase section */

/* Begin PBXGroup section */
		8F6778EE2F7EC26700BA1736 = {
			isa = PBXGroup;
			children = (
				8F677AF22F83DB6700BA1736 /* codemagic.yaml */,
				8F6778F92F7EC26700BA1736 /* BuildInspect */,
				8F677D562F868C7500BA1736 /* NotifInspectExtension */,
				8F677D622F868C8200BA1736 /* Frameworks */,
				8F6778F82F7EC26700BA1736 /* Products */,
			);
			sourceTree = "<group>";
		};
		8F6778F82F7EC26700BA1736 /* Products */ = {
			isa = PBXGroup;
			children = (
				8F6778F72F7EC26700BA1736 /* BuildInspect.app */,
				8F677D552F868C7500BA1736 /* NotifInspectExtension.appex */,
			);
			name = Products;
			sourceTree = "<group>";
		};
		8F677D622F868C8200BA1736 /* Frameworks */ = {
			isa = PBXGroup;
			children = (
			);
			name = Frameworks;
			sourceTree = "<group>";
		};
/* End PBXGroup section */

/* Begin PBXNativeTarget section */
		8F6778F62F7EC26700BA1736 /* BuildInspect */ = {
			isa = PBXNativeTarget;
			buildConfigurationList = 8F6779032F7EC26900BA1736 /* Build configuration list for PBXNativeTarget "BuildInspect" */;
			buildPhases = (
				8F6778F32F7EC26700BA1736 /* Sources */,
				8F6778F42F7EC26700BA1736 /* Frameworks */,
				8F6778F52F7EC26700BA1736 /* Resources */,
				8F677D612F868C7500BA1736 /* Embed Foundation Extensions */,
			);
			buildRules = (
			);
			dependencies = (
				8F677D5B2F868C7500BA1736 /* PBXTargetDependency */,
			);
			fileSystemSynchronizedGroups = (
				8F6778F92F7EC26700BA1736 /* BuildInspect */,
			);
			name = BuildInspect;
			packageProductDependencies = (
				8F677D472F868B3200BA1736 /* AppsFlyerLib */,
				8F677D4A2F868C0800BA1736 /* FirebaseMessaging */,
				8F677D4D2F868C1900BA1736 /* PostgREST */,
				8F677D4F2F868C1900BA1736 /* Supabase */,
			);
			productName = BuildInspect;
			productReference = 8F6778F72F7EC26700BA1736 /* BuildInspect.app */;
			productType = "com.apple.product-type.application";
		};
		8F677D542F868C7500BA1736 /* NotifInspectExtension */ = {
			isa = PBXNativeTarget;
			buildConfigurationList = 8F677D5D2F868C7500BA1736 /* Build configuration list for PBXNativeTarget "NotifInspectExtension" */;
			buildPhases = (
				8F677D512F868C7500BA1736 /* Sources */,
				8F677D522F868C7500BA1736 /* Frameworks */,
				8F677D532F868C7500BA1736 /* Resources */,
			);
			buildRules = (
			);
			dependencies = (
			);
			fileSystemSynchronizedGroups = (
				8F677D562F868C7500BA1736 /* NotifInspectExtension */,
			);
			name = NotifInspectExtension;
			packageProductDependencies = (
				8F677D632F868C8200BA1736 /* FirebaseMessaging */,
			);
			productName = NotifInspectExtension;
			productReference = 8F677D552F868C7500BA1736 /* NotifInspectExtension.appex */;
			productType = "com.apple.product-type.app-extension";
		};
/* End PBXNativeTarget section */

/* Begin PBXProject section */
		8F6778EF2F7EC26700BA1736 /* Project object */ = {
			isa = PBXProject;
			attributes = {
				BuildIndependentTargetsInParallel = 1;
				LastSwiftUpdateCheck = 1640;
				LastUpgradeCheck = 1640;
				TargetAttributes = {
					8F6778F62F7EC26700BA1736 = {
						CreatedOnToolsVersion = 16.4;
						LastSwiftMigration = 1640;
					};
					8F677D542F868C7500BA1736 = {
						CreatedOnToolsVersion = 16.4;
					};
				};
			};
			buildConfigurationList = 8F6778F22F7EC26700BA1736 /* Build configuration list for PBXProject "BuildInspect" */;
			developmentRegion = en;
			hasScannedForEncodings = 0;
			knownRegions = (
				en,
				Base,
			);
			mainGroup = 8F6778EE2F7EC26700BA1736;
			minimizedProjectReferenceProxies = 1;
			packageReferences = (
				8F677D462F868B3200BA1736 /* XCRemoteSwiftPackageReference "AppsFlyerFramework" */,
				8F677D492F868C0800BA1736 /* XCRemoteSwiftPackageReference "firebase-ios-sdk" */,
				8F677D4C2F868C1900BA1736 /* XCRemoteSwiftPackageReference "supabase-swift" */,
			);
			preferredProjectObjectVersion = 77;
			productRefGroup = 8F6778F82F7EC26700BA1736 /* Products */;
			projectDirPath = "";
			projectRoot = "";
			targets = (
				8F6778F62F7EC26700BA1736 /* BuildInspect */,
				8F677D542F868C7500BA1736 /* NotifInspectExtension */,
			);
		};
/* End PBXProject section */

/* Begin PBXResourcesBuildPhase section */
		8F6778F52F7EC26700BA1736 /* Resources */ = {
			isa = PBXResourcesBuildPhase;
			buildActionMask = 2147483647;
			files = (
				8F677AF42F83DB6B00BA1736 /* codemagic.yaml in Resources */,
			);
			runOnlyForDeploymentPostprocessing = 0;
		};
		8F677D532F868C7500BA1736 /* Resources */ = {
			isa = PBXResourcesBuildPhase;
			buildActionMask = 2147483647;
			files = (
			);
			runOnlyForDeploymentPostprocessing = 0;
		};
/* End PBXResourcesBuildPhase section */

/* Begin PBXSourcesBuildPhase section */
		8F6778F32F7EC26700BA1736 /* Sources */ = {
			isa = PBXSourcesBuildPhase;
			buildActionMask = 2147483647;
			files = (
			);
			runOnlyForDeploymentPostprocessing = 0;
		};
		8F677D512F868C7500BA1736 /* Sources */ = {
			isa = PBXSourcesBuildPhase;
			buildActionMask = 2147483647;
			files = (
			);
			runOnlyForDeploymentPostprocessing = 0;
		};
/* End PBXSourcesBuildPhase section */

/* Begin PBXTargetDependency section */
		8F677D5B2F868C7500BA1736 /* PBXTargetDependency */ = {
			isa = PBXTargetDependency;
			target = 8F677D542F868C7500BA1736 /* NotifInspectExtension */;
			targetProxy = 8F677D5A2F868C7500BA1736 /* PBXContainerItemProxy */;
		};
/* End PBXTargetDependency section */

/* Begin XCBuildConfiguration section */
		8F6779012F7EC26900BA1736 /* Debug */ = {
			isa = XCBuildConfiguration;
			buildSettings = {
				ALWAYS_SEARCH_USER_PATHS = NO;
				ASSETCATALOG_COMPILER_GENERATE_SWIFT_ASSET_SYMBOL_EXTENSIONS = YES;
				CLANG_ANALYZER_NONNULL = YES;
				CLANG_ANALYZER_NUMBER_OBJECT_CONVERSION = YES_AGGRESSIVE;
				CLANG_CXX_LANGUAGE_STANDARD = "gnu++20";
				CLANG_ENABLE_MODULES = YES;
				CLANG_ENABLE_OBJC_ARC = YES;
				CLANG_ENABLE_OBJC_WEAK = YES;
				CLANG_WARN_BLOCK_CAPTURE_AUTORELEASING = YES;
				CLANG_WARN_BOOL_CONVERSION = YES;
				CLANG_WARN_COMMA = YES;
				CLANG_WARN_CONSTANT_CONVERSION = YES;
				CLANG_WARN_DEPRECATED_OBJC_IMPLEMENTATIONS = YES;
				CLANG_WARN_DIRECT_OBJC_ISA_USAGE = YES_ERROR;
				CLANG_WARN_DOCUMENTATION_COMMENTS = YES;
				CLANG_WARN_EMPTY_BODY = YES;
				CLANG_WARN_ENUM_CONVERSION = YES;
				CLANG_WARN_INFINITE_RECURSION = YES;
				CLANG_WARN_INT_CONVERSION = YES;
				CLANG_WARN_NON_LITERAL_NULL_CONVERSION = YES;
				CLANG_WARN_OBJC_IMPLICIT_RETAIN_SELF = YES;
				CLANG_WARN_OBJC_LITERAL_CONVERSION = YES;
				CLANG_WARN_OBJC_ROOT_CLASS = YES_ERROR;
				CLANG_WARN_QUOTED_INCLUDE_IN_FRAMEWORK_HEADER = YES;
				CLANG_WARN_RANGE_LOOP_ANALYSIS = YES;
				CLANG_WARN_STRICT_PROTOTYPES = YES;
				CLANG_WARN_SUSPICIOUS_MOVE = YES;
				CLANG_WARN_UNGUARDED_AVAILABILITY = YES_AGGRESSIVE;
				CLANG_WARN_UNREACHABLE_CODE = YES;
				CLANG_WARN__DUPLICATE_METHOD_MATCH = YES;
				COPY_PHASE_STRIP = NO;
				DEBUG_INFORMATION_FORMAT = dwarf;
				ENABLE_STRICT_OBJC_MSGSEND = YES;
				ENABLE_TESTABILITY = YES;
				ENABLE_USER_SCRIPT_SANDBOXING = YES;
				GCC_C_LANGUAGE_STANDARD = gnu17;
				GCC_DYNAMIC_NO_PIC = NO;
				GCC_NO_COMMON_BLOCKS = YES;
				GCC_OPTIMIZATION_LEVEL = 0;
				GCC_PREPROCESSOR_DEFINITIONS = (
					"DEBUG=1",
					"$(inherited)",
				);
				GCC_WARN_64_TO_32_BIT_CONVERSION = YES;
				GCC_WARN_ABOUT_RETURN_TYPE = YES_ERROR;
				GCC_WARN_UNDECLARED_SELECTOR = YES;
				GCC_WARN_UNINITIALIZED_AUTOS = YES_AGGRESSIVE;
				GCC_WARN_UNUSED_FUNCTION = YES;
				GCC_WARN_UNUSED_VARIABLE = YES;
				LOCALIZATION_PREFERS_STRING_CATALOGS = YES;
				MTL_ENABLE_DEBUG_INFO = INCLUDE_SOURCE;
				MTL_FAST_MATH = YES;
				ONLY_ACTIVE_ARCH = YES;
				SWIFT_ACTIVE_COMPILATION_CONDITIONS = "DEBUG $(inherited)";
				SWIFT_OPTIMIZATION_LEVEL = "-Onone";
			};
			name = Debug;
		};
		8F6779022F7EC26900BA1736 /* Release */ = {
			isa = XCBuildConfiguration;
			buildSettings = {
				ALWAYS_SEARCH_USER_PATHS = NO;
				ASSETCATALOG_COMPILER_GENERATE_SWIFT_ASSET_SYMBOL_EXTENSIONS = YES;
				CLANG_ANALYZER_NONNULL = YES;
				CLANG_ANALYZER_NUMBER_OBJECT_CONVERSION = YES_AGGRESSIVE;
				CLANG_CXX_LANGUAGE_STANDARD = "gnu++20";
				CLANG_ENABLE_MODULES = YES;
				CLANG_ENABLE_OBJC_ARC = YES;
				CLANG_ENABLE_OBJC_WEAK = YES;
				CLANG_WARN_BLOCK_CAPTURE_AUTORELEASING = YES;
				CLANG_WARN_BOOL_CONVERSION = YES;
				CLANG_WARN_COMMA = YES;
				CLANG_WARN_CONSTANT_CONVERSION = YES;
				CLANG_WARN_DEPRECATED_OBJC_IMPLEMENTATIONS = YES;
				CLANG_WARN_DIRECT_OBJC_ISA_USAGE = YES_ERROR;
				CLANG_WARN_DOCUMENTATION_COMMENTS = YES;
				CLANG_WARN_EMPTY_BODY = YES;
				CLANG_WARN_ENUM_CONVERSION = YES;
				CLANG_WARN_INFINITE_RECURSION = YES;
				CLANG_WARN_INT_CONVERSION = YES;
				CLANG_WARN_NON_LITERAL_NULL_CONVERSION = YES;
				CLANG_WARN_OBJC_IMPLICIT_RETAIN_SELF = YES;
				CLANG_WARN_OBJC_LITERAL_CONVERSION = YES;
				CLANG_WARN_OBJC_ROOT_CLASS = YES_ERROR;
				CLANG_WARN_QUOTED_INCLUDE_IN_FRAMEWORK_HEADER = YES;
				CLANG_WARN_RANGE_LOOP_ANALYSIS = YES;
				CLANG_WARN_STRICT_PROTOTYPES = YES;
				CLANG_WARN_SUSPICIOUS_MOVE = YES;
				CLANG_WARN_UNGUARDED_AVAILABILITY = YES_AGGRESSIVE;
				CLANG_WARN_UNREACHABLE_CODE = YES;
				CLANG_WARN__DUPLICATE_METHOD_MATCH = YES;
				COPY_PHASE_STRIP = NO;
				DEBUG_INFORMATION_FORMAT = "dwarf-with-dsym";
				ENABLE_NS_ASSERTIONS = NO;
				ENABLE_STRICT_OBJC_MSGSEND = YES;
				ENABLE_USER_SCRIPT_SANDBOXING = YES;
				GCC_C_LANGUAGE_STANDARD = gnu17;
				GCC_NO_COMMON_BLOCKS = YES;
				GCC_WARN_64_TO_32_BIT_CONVERSION = YES;
				GCC_WARN_ABOUT_RETURN_TYPE = YES_ERROR;
				GCC_WARN_UNDECLARED_SELECTOR = YES;
				GCC_WARN_UNINITIALIZED_AUTOS = YES_AGGRESSIVE;
				GCC_WARN_UNUSED_FUNCTION = YES;
				GCC_WARN_UNUSED_VARIABLE = YES;
				LOCALIZATION_PREFERS_STRING_CATALOGS = YES;
				MTL_ENABLE_DEBUG_INFO = NO;
				MTL_FAST_MATH = YES;
				SWIFT_COMPILATION_MODE = wholemodule;
			};
			name = Release;
		};
		8F6779042F7EC26900BA1736 /* Debug */ = {
			isa = XCBuildConfiguration;
			buildSettings = {
				ASSETCATALOG_COMPILER_APPICON_NAME = AppIcon;
				ASSETCATALOG_COMPILER_GLOBAL_ACCENT_COLOR_NAME = AccentColor;
				CLANG_ENABLE_MODULES = YES;
				CODE_SIGN_ENTITLEMENTS = BuildInspect/BuildInspect.entitlements;
				CODE_SIGN_STYLE = Automatic;
				CURRENT_PROJECT_VERSION = 1;
				ENABLE_PREVIEWS = YES;
				GENERATE_INFOPLIST_FILE = YES;
				INFOPLIST_FILE = BuildInspect/Info.plist;
				INFOPLIST_KEY_CFBundleDisplayName = "Build Inspect";
				INFOPLIST_KEY_NSCameraUsageDescription = "Allow to use camera in this application.";
				INFOPLIST_KEY_NSUserTrackingUsageDescription = "Build Inspect may access limited technical data from your device to support inspection features, ensure consistent performance, and improve overall app reliability. This information is used solely for internal diagnostics and product improvement. It is not used to track users across other apps or websites and is not shared for third-party advertising.";
				"INFOPLIST_KEY_UIApplicationSceneManifest_Generation[sdk=iphoneos*]" = YES;
				"INFOPLIST_KEY_UIApplicationSceneManifest_Generation[sdk=iphonesimulator*]" = YES;
				"INFOPLIST_KEY_UIApplicationSupportsIndirectInputEvents[sdk=iphoneos*]" = YES;
				"INFOPLIST_KEY_UIApplicationSupportsIndirectInputEvents[sdk=iphonesimulator*]" = YES;
				"INFOPLIST_KEY_UILaunchScreen_Generation[sdk=iphoneos*]" = YES;
				"INFOPLIST_KEY_UILaunchScreen_Generation[sdk=iphonesimulator*]" = YES;
				"INFOPLIST_KEY_UIStatusBarStyle[sdk=iphoneos*]" = UIStatusBarStyleDefault;
				"INFOPLIST_KEY_UIStatusBarStyle[sdk=iphonesimulator*]" = UIStatusBarStyleDefault;
				INFOPLIST_KEY_UISupportedInterfaceOrientations_iPad = "UIInterfaceOrientationPortrait UIInterfaceOrientationPortraitUpsideDown UIInterfaceOrientationLandscapeLeft UIInterfaceOrientationLandscapeRight";
				INFOPLIST_KEY_UISupportedInterfaceOrientations_iPhone = "UIInterfaceOrientationPortrait UIInterfaceOrientationLandscapeLeft UIInterfaceOrientationLandscapeRight";
				IPHONEOS_DEPLOYMENT_TARGET = 15.0;
				LD_RUNPATH_SEARCH_PATHS = "@executable_path/Frameworks";
				"LD_RUNPATH_SEARCH_PATHS[sdk=macosx*]" = "@executable_path/../Frameworks";
				MACOSX_DEPLOYMENT_TARGET = 15.3;
				MARKETING_VERSION = 1.1.0;
				PRODUCT_BUNDLE_IDENTIFIER = com.inspectorBuu.BuildInspect;
				PRODUCT_NAME = "$(TARGET_NAME)";
				REGISTER_APP_GROUPS = YES;
				SDKROOT = auto;
				SUPPORTED_PLATFORMS = "iphoneos iphonesimulator";
				SUPPORTS_MACCATALYST = NO;
				SWIFT_EMIT_LOC_STRINGS = YES;
				SWIFT_OPTIMIZATION_LEVEL = "-Onone";
				SWIFT_VERSION = 5.0;
				TARGETED_DEVICE_FAMILY = "1,2";
				XROS_DEPLOYMENT_TARGET = 2.5;
			};
			name = Debug;
		};
		8F6779052F7EC26900BA1736 /* Release */ = {
			isa = XCBuildConfiguration;
			buildSettings = {
				ASSETCATALOG_COMPILER_APPICON_NAME = AppIcon;
				ASSETCATALOG_COMPILER_GLOBAL_ACCENT_COLOR_NAME = AccentColor;
				CLANG_ENABLE_MODULES = YES;
				CODE_SIGN_ENTITLEMENTS = BuildInspect/BuildInspect.entitlements;
				CODE_SIGN_STYLE = Automatic;
				CURRENT_PROJECT_VERSION = 1;
				ENABLE_PREVIEWS = YES;
				GENERATE_INFOPLIST_FILE = YES;
				INFOPLIST_FILE = BuildInspect/Info.plist;
				INFOPLIST_KEY_CFBundleDisplayName = "Build Inspect";
				INFOPLIST_KEY_NSCameraUsageDescription = "Allow to use camera in this application.";
				INFOPLIST_KEY_NSUserTrackingUsageDescription = "Build Inspect may access limited technical data from your device to support inspection features, ensure consistent performance, and improve overall app reliability. This information is used solely for internal diagnostics and product improvement. It is not used to track users across other apps or websites and is not shared for third-party advertising.";
				"INFOPLIST_KEY_UIApplicationSceneManifest_Generation[sdk=iphoneos*]" = YES;
				"INFOPLIST_KEY_UIApplicationSceneManifest_Generation[sdk=iphonesimulator*]" = YES;
				"INFOPLIST_KEY_UIApplicationSupportsIndirectInputEvents[sdk=iphoneos*]" = YES;
				"INFOPLIST_KEY_UIApplicationSupportsIndirectInputEvents[sdk=iphonesimulator*]" = YES;
				"INFOPLIST_KEY_UILaunchScreen_Generation[sdk=iphoneos*]" = YES;
				"INFOPLIST_KEY_UILaunchScreen_Generation[sdk=iphonesimulator*]" = YES;
				"INFOPLIST_KEY_UIStatusBarStyle[sdk=iphoneos*]" = UIStatusBarStyleDefault;
				"INFOPLIST_KEY_UIStatusBarStyle[sdk=iphonesimulator*]" = UIStatusBarStyleDefault;
				INFOPLIST_KEY_UISupportedInterfaceOrientations_iPad = "UIInterfaceOrientationPortrait UIInterfaceOrientationPortraitUpsideDown UIInterfaceOrientationLandscapeLeft UIInterfaceOrientationLandscapeRight";
				INFOPLIST_KEY_UISupportedInterfaceOrientations_iPhone = "UIInterfaceOrientationPortrait UIInterfaceOrientationLandscapeLeft UIInterfaceOrientationLandscapeRight";
				IPHONEOS_DEPLOYMENT_TARGET = 15.0;
				LD_RUNPATH_SEARCH_PATHS = "@executable_path/Frameworks";
				"LD_RUNPATH_SEARCH_PATHS[sdk=macosx*]" = "@executable_path/../Frameworks";
				MACOSX_DEPLOYMENT_TARGET = 15.3;
				MARKETING_VERSION = 1.1.0;
				PRODUCT_BUNDLE_IDENTIFIER = com.inspectorBuu.BuildInspect;
				PRODUCT_NAME = "$(TARGET_NAME)";
				REGISTER_APP_GROUPS = YES;
				SDKROOT = auto;
				SUPPORTED_PLATFORMS = "iphoneos iphonesimulator";
				SUPPORTS_MACCATALYST = NO;
				SWIFT_EMIT_LOC_STRINGS = YES;
				SWIFT_VERSION = 5.0;
				TARGETED_DEVICE_FAMILY = "1,2";
				XROS_DEPLOYMENT_TARGET = 2.5;
			};
			name = Release;
		};
		8F677D5E2F868C7500BA1736 /* Debug */ = {
			isa = XCBuildConfiguration;
			buildSettings = {
				CODE_SIGN_STYLE = Automatic;
				CURRENT_PROJECT_VERSION = 1;
				GENERATE_INFOPLIST_FILE = YES;
				INFOPLIST_FILE = NotifInspectExtension/Info.plist;
				INFOPLIST_KEY_CFBundleDisplayName = NotifInspectExtension;
				INFOPLIST_KEY_NSHumanReadableCopyright = "";
				IPHONEOS_DEPLOYMENT_TARGET = 15.0;
				LD_RUNPATH_SEARCH_PATHS = (
					"$(inherited)",
					"@executable_path/Frameworks",
					"@executable_path/../../Frameworks",
				);
				MARKETING_VERSION = 1.0;
				PRODUCT_BUNDLE_IDENTIFIER = com.inspectorBuu.BuildInspect.NotifInspectExtension;
				PRODUCT_NAME = "$(TARGET_NAME)";
				SDKROOT = iphoneos;
				SKIP_INSTALL = YES;
				SUPPORTED_PLATFORMS = "iphoneos iphonesimulator";
				SUPPORTS_MACCATALYST = NO;
				SUPPORTS_MAC_DESIGNED_FOR_IPHONE_IPAD = NO;
				SUPPORTS_XR_DESIGNED_FOR_IPHONE_IPAD = NO;
				SWIFT_EMIT_LOC_STRINGS = YES;
				SWIFT_VERSION = 5.0;
				TARGETED_DEVICE_FAMILY = "1,2";
			};
			name = Debug;
		};
		8F677D5F2F868C7500BA1736 /* Release */ = {
			isa = XCBuildConfiguration;
			buildSettings = {
				CODE_SIGN_STYLE = Automatic;
				CURRENT_PROJECT_VERSION = 1;
				GENERATE_INFOPLIST_FILE = YES;
				INFOPLIST_FILE = NotifInspectExtension/Info.plist;
				INFOPLIST_KEY_CFBundleDisplayName = NotifInspectExtension;
				INFOPLIST_KEY_NSHumanReadableCopyright = "";
				IPHONEOS_DEPLOYMENT_TARGET = 15.0;
				LD_RUNPATH_SEARCH_PATHS = (
					"$(inherited)",
					"@executable_path/Frameworks",
					"@executable_path/../../Frameworks",
				);
				MARKETING_VERSION = 1.0;
				PRODUCT_BUNDLE_IDENTIFIER = com.inspectorBuu.BuildInspect.NotifInspectExtension;
				PRODUCT_NAME = "$(TARGET_NAME)";
				SDKROOT = iphoneos;
				SKIP_INSTALL = YES;
				SUPPORTED_PLATFORMS = "iphoneos iphonesimulator";
				SUPPORTS_MACCATALYST = NO;
				SUPPORTS_MAC_DESIGNED_FOR_IPHONE_IPAD = NO;
				SUPPORTS_XR_DESIGNED_FOR_IPHONE_IPAD = NO;
				SWIFT_EMIT_LOC_STRINGS = YES;
				SWIFT_VERSION = 5.0;
				TARGETED_DEVICE_FAMILY = "1,2";
				VALIDATE_PRODUCT = YES;
			};
			name = Release;
		};
/* End XCBuildConfiguration section */

/* Begin XCConfigurationList section */
		8F6778F22F7EC26700BA1736 /* Build configuration list for PBXProject "BuildInspect" */ = {
			isa = XCConfigurationList;
			buildConfigurations = (
				8F6779012F7EC26900BA1736 /* Debug */,
				8F6779022F7EC26900BA1736 /* Release */,
			);
			defaultConfigurationIsVisible = 0;
			defaultConfigurationName = Release;
		};
		8F6779032F7EC26900BA1736 /* Build configuration list for PBXNativeTarget "BuildInspect" */ = {
			isa = XCConfigurationList;
			buildConfigurations = (
				8F6779042F7EC26900BA1736 /* Debug */,
				8F6779052F7EC26900BA1736 /* Release */,
			);
			defaultConfigurationIsVisible = 0;
			defaultConfigurationName = Release;
		};
		8F677D5D2F868C7500BA1736 /* Build configuration list for PBXNativeTarget "NotifInspectExtension" */ = {
			isa = XCConfigurationList;
			buildConfigurations = (
				8F677D5E2F868C7500BA1736 /* Debug */,
				8F677D5F2F868C7500BA1736 /* Release */,
			);
			defaultConfigurationIsVisible = 0;
			defaultConfigurationName = Release;
		};
/* End XCConfigurationList section */

/* Begin XCRemoteSwiftPackageReference section */
		8F677D462F868B3200BA1736 /* XCRemoteSwiftPackageReference "AppsFlyerFramework" */ = {
			isa = XCRemoteSwiftPackageReference;
			repositoryURL = "https://github.com/AppsFlyerSDK/AppsFlyerFramework";
			requirement = {
				kind = upToNextMajorVersion;
				minimumVersion = 6.17.9;
			};
		};
		8F677D492F868C0800BA1736 /* XCRemoteSwiftPackageReference "firebase-ios-sdk" */ = {
			isa = XCRemoteSwiftPackageReference;
			repositoryURL = "https://github.com/firebase/firebase-ios-sdk";
			requirement = {
				kind = upToNextMajorVersion;
				minimumVersion = 12.12.0;
			};
		};
		8F677D4C2F868C1900BA1736 /* XCRemoteSwiftPackageReference "supabase-swift" */ = {
			isa = XCRemoteSwiftPackageReference;
			repositoryURL = "https://github.com/supabase/supabase-swift.git";
			requirement = {
				kind = upToNextMajorVersion;
				minimumVersion = 2.5.1;
			};
		};
/* End XCRemoteSwiftPackageReference section */

/* Begin XCSwiftPackageProductDependency section */
		8F677D472F868B3200BA1736 /* AppsFlyerLib */ = {
			isa = XCSwiftPackageProductDependency;
			package = 8F677D462F868B3200BA1736 /* XCRemoteSwiftPackageReference "AppsFlyerFramework" */;
			productName = AppsFlyerLib;
		};
		8F677D4A2F868C0800BA1736 /* FirebaseMessaging */ = {
			isa = XCSwiftPackageProductDependency;
			package = 8F677D492F868C0800BA1736 /* XCRemoteSwiftPackageReference "firebase-ios-sdk" */;
			productName = FirebaseMessaging;
		};
		8F677D4D2F868C1900BA1736 /* PostgREST */ = {
			isa = XCSwiftPackageProductDependency;
			package = 8F677D4C2F868C1900BA1736 /* XCRemoteSwiftPackageReference "supabase-swift" */;
			productName = PostgREST;
		};
		8F677D4F2F868C1900BA1736 /* Supabase */ = {
			isa = XCSwiftPackageProductDependency;
			package = 8F677D4C2F868C1900BA1736 /* XCRemoteSwiftPackageReference "supabase-swift" */;
			productName = Supabase;
		};
		8F677D632F868C8200BA1736 /* FirebaseMessaging */ = {
			isa = XCSwiftPackageProductDependency;
			package = 8F677D492F868C0800BA1736 /* XCRemoteSwiftPackageReference "firebase-ios-sdk" */;
			productName = FirebaseMessaging;
		};
/* End XCSwiftPackageProductDependency section */
	};
	rootObject = 8F6778EF2F7EC26700BA1736 /* Project object */;
}
